// !$*UTF8*$!
{
	archiveVersion = 1;
	classes = {
	};
	objectVersion = 56;
	objects = {

/* Begin PBXBuildFile section */
		6D6D65612BA6D8CA002D30C2 /* AppDelegate.swift in Sources */ = {isa = PBXBuildFile; fileRef = 6D6D65602BA6D8CA002D30C2 /* AppDelegate.swift */; };
		6D6D65632BA6D8CA002D30C2 /* SceneDelegate.swift in Sources */ = {isa = PBXBuildFile; fileRef = 6D6D65622BA6D8CA002D30C2 /* SceneDelegate.swift */; };
		6D6D65652BA6D8CA002D30C2 /* ViewController.swift in Sources */ = {isa = PBXBuildFile; fileRef = 6D6D65642BA6D8CA002D30C2 /* ViewController.swift */; };
		6D6D65682BA6D8CA002D30C2 /* Base in Resources */ = {isa = PBXBuildFile; fileRef = 6D6D65672BA6D8CA002D30C2 /* Base */; };
		6D6D656A2BA6D8CC002D30C2 /* Assets.xcassets in Resources */ = {isa = PBXBuildFile; fileRef = 6D6D65692BA6D8CC002D30C2 /* Assets.xcassets */; };
		6D6D656D2BA6D8CC002D30C2 /* Base in Resources */ = {isa = PBXBuildFile; fileRef = 6D6D656C2BA6D8CC002D30C2 /* Base */; };
		6D6D65782BA6D8CD002D30C2 /* Bucket_ListTests.swift in Sources */ = {isa = PBXBuildFile; fileRef = 6D6D65772BA6D8CD002D30C2 /* Bucket_ListTests.swift */; };
		6D6D65822BA6D8CD002D30C2 /* Bucket_ListUITests.swift in Sources */ = {isa = PBXBuildFile; fileRef = 6D6D65812BA6D8CD002D30C2 /* Bucket_ListUITests.swift */; };
		6D6D65842BA6D8CD002D30C2 /* Bucket_ListUITestsLaunchTests.swift in Sources */ = {isa = PBXBuildFile; fileRef = 6D6D65832BA6D8CD002D30C2 /* Bucket_ListUITestsLaunchTests.swift */; };
		6D6D65912BA6DBF0002D30C2 /* Activity.swift in Sources */ = {isa = PBXBuildFile; fileRef = 6D6D65902BA6DBF0002D30C2 /* Activity.swift */; };
		6D6D65922BA6DBF1002D30C2 /* Activity.swift in Sources */ = {isa = PBXBuildFile; fileRef = 6D6D65902BA6DBF0002D30C2 /* Activity.swift */; };
		6D6D65952BA6DD3E002D30C2 /* ActivityViewModel.swift in Sources */ = {isa = PBXBuildFile; fileRef = 6D6D65942BA6DD3E002D30C2 /* ActivityViewModel.swift */; };
		6D6D65962BA6DD3E002D30C2 /* ActivityViewModel.swift in Sources */ = {isa = PBXBuildFile; fileRef = 6D6D65942BA6DD3E002D30C2 /* ActivityViewModel.swift */; };
		6D6D65992BA6E2F3002D30C2 /* ActivityView.swift in Sources */ = {isa = PBXBuildFile; fileRef = 6D6D65982BA6E2F2002D30C2 /* ActivityView.swift */; };
		6D6D659A2BA6E2F3002D30C2 /* ActivityView.swift in Sources */ = {isa = PBXBuildFile; fileRef = 6D6D65982BA6E2F2002D30C2 /* ActivityView.swift */; };
		6D6D659D2BA6E406002D30C2 /* CountryViewModel.swift in Sources */ = {isa = PBXBuildFile; fileRef = 6D6D659C2BA6E406002D30C2 /* CountryViewModel.swift */; };
		6D6D659E2BA6E406002D30C2 /* CountryViewModel.swift in Sources */ = {isa = PBXBuildFile; fileRef = 6D6D659C2BA6E406002D30C2 /* CountryViewModel.swift */; };
		6D6D65A02BA6E48A002D30C2 /* ContinentViewModel.swift in Sources */ = {isa = PBXBuildFile; fileRef = 6D6D659F2BA6E48A002D30C2 /* ContinentViewModel.swift */; };
		6D6D65A12BA6E48A002D30C2 /* ContinentViewModel.swift in Sources */ = {isa = PBXBuildFile; fileRef = 6D6D659F2BA6E48A002D30C2 /* ContinentViewModel.swift */; };
		6D6D65A32BA6E565002D30C2 /* Country.swift in Sources */ = {isa = PBXBuildFile; fileRef = 6D6D65A22BA6E565002D30C2 /* Country.swift */; };
		6D6D65A42BA6E565002D30C2 /* Country.swift in Sources */ = {isa = PBXBuildFile; fileRef = 6D6D65A22BA6E565002D30C2 /* Country.swift */; };
		6D6D65A62BA6E56D002D30C2 /* Continent.swift in Sources */ = {isa = PBXBuildFile; fileRef = 6D6D65A52BA6E56D002D30C2 /* Continent.swift */; };
		6D6D65A72BA6E56D002D30C2 /* Continent.swift in Sources */ = {isa = PBXBuildFile; fileRef = 6D6D65A52BA6E56D002D30C2 /* Continent.swift */; };
		6D6D65A92BA6E624002D30C2 /* CountryView.swift in Sources */ = {isa = PBXBuildFile; fileRef = 6D6D65A82BA6E623002D30C2 /* CountryView.swift */; };
		6D6D65AA2BA6E624002D30C2 /* CountryView.swift in Sources */ = {isa = PBXBuildFile; fileRef = 6D6D65A82BA6E623002D30C2 /* CountryView.swift */; };
/* End PBXBuildFile section */

/* Begin PBXContainerItemProxy section */
		6D6D65742BA6D8CD002D30C2 /* PBXContainerItemProxy */ = {
			isa = PBXContainerItemProxy;
			containerPortal = 6D6D65552BA6D8CA002D30C2 /* Project object */;
			proxyType = 1;
			remoteGlobalIDString = 6D6D655C2BA6D8CA002D30C2;
			remoteInfo = "Bucket List";
		};
		6D6D657E2BA6D8CD002D30C2 /* PBXContainerItemProxy */ = {
			isa = PBXContainerItemProxy;
			containerPortal = 6D6D65552BA6D8CA002D30C2 /* Project object */;
			proxyType = 1;
			remoteGlobalIDString = 6D6D655C2BA6D8CA002D30C2;
			remoteInfo = "Bucket List";
		};
/* End PBXContainerItemProxy section */

/* Begin PBXFileReference section */
		6D6D655D2BA6D8CA002D30C2 /* Bucket List.app */ = {isa = PBXFileReference; explicitFileType = wrapper.application; includeInIndex = 0; path = "Bucket List.app"; sourceTree = BUILT_PRODUCTS_DIR; };
		6D6D65602BA6D8CA002D30C2 /* AppDelegate.swift */ = {isa = PBXFileReference; lastKnownFileType = sourcecode.swift; path = AppDelegate.swift; sourceTree = "<group>"; };
		6D6D65622BA6D8CA002D30C2 /* SceneDelegate.swift */ = {isa = PBXFileReference; lastKnownFileType = sourcecode.swift; path = SceneDelegate.swift; sourceTree = "<group>"; };
		6D6D65642BA6D8CA002D30C2 /* ViewController.swift */ = {isa = PBXFileReference; lastKnownFileType = sourcecode.swift; path = ViewController.swift; sourceTree = "<group>"; };
		6D6D65672BA6D8CA002D30C2 /* Base */ = {isa = PBXFileReference; lastKnownFileType = file.storyboard; name = Base; path = Base.lproj/Main.storyboard; sourceTree = "<group>"; };
		6D6D65692BA6D8CC002D30C2 /* Assets.xcassets */ = {isa = PBXFileReference; lastKnownFileType = folder.assetcatalog; path = Assets.xcassets; sourceTree = "<group>"; };
		6D6D656C2BA6D8CC002D30C2 /* Base */ = {isa = PBXFileReference; lastKnownFileType = file.storyboard; name = Base; path = Base.lproj/LaunchScreen.storyboard; sourceTree = "<group>"; };
		6D6D656E2BA6D8CC002D30C2 /* Info.plist */ = {isa = PBXFileReference; lastKnownFileType = text.plist.xml; path = Info.plist; sourceTree = "<group>"; };
		6D6D65732BA6D8CD002D30C2 /* Bucket ListTests.xctest */ = {isa = PBXFileReference; explicitFileType = wrapper.cfbundle; includeInIndex = 0; path = "Bucket ListTests.xctest"; sourceTree = BUILT_PRODUCTS_DIR; };
		6D6D65772BA6D8CD002D30C2 /* Bucket_ListTests.swift */ = {isa = PBXFileReference; lastKnownFileType = sourcecode.swift; path = Bucket_ListTests.swift; sourceTree = "<group>"; };
		6D6D657D2BA6D8CD002D30C2 /* Bucket ListUITests.xctest */ = {isa = PBXFileReference; explicitFileType = wrapper.cfbundle; includeInIndex = 0; path = "Bucket ListUITests.xctest"; sourceTree = BUILT_PRODUCTS_DIR; };
		6D6D65812BA6D8CD002D30C2 /* Bucket_ListUITests.swift */ = {isa = PBXFileReference; lastKnownFileType = sourcecode.swift; path = Bucket_ListUITests.swift; sourceTree = "<group>"; };
		6D6D65832BA6D8CD002D30C2 /* Bucket_ListUITestsLaunchTests.swift */ = {isa = PBXFileReference; lastKnownFileType = sourcecode.swift; path = Bucket_ListUITestsLaunchTests.swift; sourceTree = "<group>"; };
		6D6D65902BA6DBF0002D30C2 /* Activity.swift */ = {isa = PBXFileReference; lastKnownFileType = sourcecode.swift; path = Activity.swift; sourceTree = "<group>"; };
		6D6D65942BA6DD3E002D30C2 /* ActivityViewModel.swift */ = {isa = PBXFileReference; lastKnownFileType = sourcecode.swift; path = ActivityViewModel.swift; sourceTree = "<group>"; };
		6D6D65982BA6E2F2002D30C2 /* ActivityView.swift */ = {isa = PBXFileReference; lastKnownFileType = sourcecode.swift; path = ActivityView.swift; sourceTree = "<group>"; };
		6D6D659C2BA6E406002D30C2 /* CountryViewModel.swift */ = {isa = PBXFileReference; lastKnownFileType = sourcecode.swift; path = CountryViewModel.swift; sourceTree = "<group>"; };
		6D6D659F2BA6E48A002D30C2 /* ContinentViewModel.swift */ = {isa = PBXFileReference; lastKnownFileType = sourcecode.swift; path = ContinentViewModel.swift; sourceTree = "<group>"; };
		6D6D65A22BA6E565002D30C2 /* Country.swift */ = {isa = PBXFileReference; lastKnownFileType = sourcecode.swift; path = Country.swift; sourceTree = "<group>"; };
		6D6D65A52BA6E56D002D30C2 /* Continent.swift */ = {isa = PBXFileReference; lastKnownFileType = sourcecode.swift; path = Continent.swift; sourceTree = "<group>"; };
		6D6D65A82BA6E623002D30C2 /* CountryView.swift */ = {isa = PBXFileReference; lastKnownFileType = sourcecode.swift; path = CountryView.swift; sourceTree = "<group>"; };
/* End PBXFileReference section */

/* Begin PBXFrameworksBuildPhase section */
		6D6D655A2BA6D8CA002D30C2 /* Frameworks */ = {
			isa = PBXFrameworksBuildPhase;
			buildActionMask = 2147483647;
			files = (
			);
			runOnlyForDeploymentPostprocessing = 0;
		};
		6D6D65702BA6D8CD002D30C2 /* Frameworks */ = {
			isa = PBXFrameworksBuildPhase;
			buildActionMask = 2147483647;
			files = (
			);
			runOnlyForDeploymentPostprocessing = 0;
		};
		6D6D657A2BA6D8CD002D30C2 /* Frameworks */ = {
			isa = PBXFrameworksBuildPhase;
			buildActionMask = 2147483647;
			files = (
			);
			runOnlyForDeploymentPostprocessing = 0;
		};
/* End PBXFrameworksBuildPhase section */

/* Begin PBXGroup section */
		6D6D65542BA6D8CA002D30C2 = {
			isa = PBXGroup;
			children = (
				6D6D655F2BA6D8CA002D30C2 /* Bucket List */,
				6D6D65762BA6D8CD002D30C2 /* Bucket ListTests */,
				6D6D65802BA6D8CD002D30C2 /* Bucket ListUITests */,
				6D6D655E2BA6D8CA002D30C2 /* Products */,
			);
			sourceTree = "<group>";
		};
		6D6D655E2BA6D8CA002D30C2 /* Products */ = {
			isa = PBXGroup;
			children = (
				6D6D655D2BA6D8CA002D30C2 /* Bucket List.app */,
				6D6D65732BA6D8CD002D30C2 /* Bucket ListTests.xctest */,
				6D6D657D2BA6D8CD002D30C2 /* Bucket ListUITests.xctest */,
			);
			name = Products;
			sourceTree = "<group>";
		};
		6D6D655F2BA6D8CA002D30C2 /* Bucket List */ = {
			isa = PBXGroup;
			children = (
				6D6D65602BA6D8CA002D30C2 /* AppDelegate.swift */,
				6D6D65622BA6D8CA002D30C2 /* SceneDelegate.swift */,
				6D6D65642BA6D8CA002D30C2 /* ViewController.swift */,
				6D6D65932BA6DD28002D30C2 /* View Models */,
				6D6D65972BA6DD50002D30C2 /* Models */,
				6D6D659B2BA6E2FA002D30C2 /* Views */,
				6D6D65662BA6D8CA002D30C2 /* Main.storyboard */,
				6D6D65692BA6D8CC002D30C2 /* Assets.xcassets */,
				6D6D656B2BA6D8CC002D30C2 /* LaunchScreen.storyboard */,
				6D6D656E2BA6D8CC002D30C2 /* Info.plist */,
			);
			path = "Bucket List";
			sourceTree = "<group>";
		};
		6D6D65762BA6D8CD002D30C2 /* Bucket ListTests */ = {
			isa = PBXGroup;
			children = (
				6D6D65772BA6D8CD002D30C2 /* Bucket_ListTests.swift */,
			);
			path = "Bucket ListTests";
			sourceTree = "<group>";
		};
		6D6D65802BA6D8CD002D30C2 /* Bucket ListUITests */ = {
			isa = PBXGroup;
			children = (
				6D6D65812BA6D8CD002D30C2 /* Bucket_ListUITests.swift */,
				6D6D65832BA6D8CD002D30C2 /* Bucket_ListUITestsLaunchTests.swift */,
			);
			path = "Bucket ListUITests";
			sourceTree = "<group>";
		};
		6D6D65932BA6DD28002D30C2 /* View Models */ = {
			isa = PBXGroup;
			children = (
				6D6D65942BA6DD3E002D30C2 /* ActivityViewModel.swift */,
				6D6D659C2BA6E406002D30C2 /* CountryViewModel.swift */,
				6D6D659F2BA6E48A002D30C2 /* ContinentViewModel.swift */,
			);
			path = "View Models";
			sourceTree = "<group>";
		};
		6D6D65972BA6DD50002D30C2 /* Models */ = {
			isa = PBXGroup;
			children = (
				6D6D65902BA6DBF0002D30C2 /* Activity.swift */,
				6D6D65A22BA6E565002D30C2 /* Country.swift */,
				6D6D65A52BA6E56D002D30C2 /* Continent.swift */,
			);
			path = Models;
			sourceTree = "<group>";
		};
		6D6D659B2BA6E2FA002D30C2 /* Views */ = {
			isa = PBXGroup;
			children = (
				6D6D65982BA6E2F2002D30C2 /* ActivityView.swift */,
				6D6D65A82BA6E623002D30C2 /* CountryView.swift */,
			);
			path = Views;
			sourceTree = "<group>";
		};
/* End PBXGroup section */

/* Begin PBXNativeTarget section */
		6D6D655C2BA6D8CA002D30C2 /* Bucket List */ = {
			isa = PBXNativeTarget;
			buildConfigurationList = 6D6D65872BA6D8CD002D30C2 /* Build configuration list for PBXNativeTarget "Bucket List" */;
			buildPhases = (
				6D6D65592BA6D8CA002D30C2 /* Sources */,
				6D6D655A2BA6D8CA002D30C2 /* Frameworks */,
				6D6D655B2BA6D8CA002D30C2 /* Resources */,
			);
			buildRules = (
			);
			dependencies = (
			);
			name = "Bucket List";
			productName = "Bucket List";
			productReference = 6D6D655D2BA6D8CA002D30C2 /* Bucket List.app */;
			productType = "com.apple.product-type.application";
		};
		6D6D65722BA6D8CD002D30C2 /* Bucket ListTests */ = {
			isa = PBXNativeTarget;
			buildConfigurationList = 6D6D658A2BA6D8CD002D30C2 /* Build configuration list for PBXNativeTarget "Bucket ListTests" */;
			buildPhases = (
				6D6D656F2BA6D8CD002D30C2 /* Sources */,
				6D6D65702BA6D8CD002D30C2 /* Frameworks */,
				6D6D65712BA6D8CD002D30C2 /* Resources */,
			);
			buildRules = (
			);
			dependencies = (
				6D6D65752BA6D8CD002D30C2 /* PBXTargetDependency */,
			);
			name = "Bucket ListTests";
			productName = "Bucket ListTests";
			productReference = 6D6D65732BA6D8CD002D30C2 /* Bucket ListTests.xctest */;
			productType = "com.apple.product-type.bundle.unit-test";
		};
		6D6D657C2BA6D8CD002D30C2 /* Bucket ListUITests */ = {
			isa = PBXNativeTarget;
			buildConfigurationList = 6D6D658D2BA6D8CD002D30C2 /* Build configuration list for PBXNativeTarget "Bucket ListUITests" */;
			buildPhases = (
				6D6D65792BA6D8CD002D30C2 /* Sources */,
				6D6D657A2BA6D8CD002D30C2 /* Frameworks */,
				6D6D657B2BA6D8CD002D30C2 /* Resources */,
			);
			buildRules = (
			);
			dependencies = (
				6D6D657F2BA6D8CD002D30C2 /* PBXTargetDependency */,
			);
			name = "Bucket ListUITests";
			productName = "Bucket ListUITests";
			productReference = 6D6D657D2BA6D8CD002D30C2 /* Bucket ListUITests.xctest */;
			productType = "com.apple.product-type.bundle.ui-testing";
		};
/* End PBXNativeTarget section */

/* Begin PBXProject section */
		6D6D65552BA6D8CA002D30C2 /* Project object */ = {
			isa = PBXProject;
			attributes = {
				BuildIndependentTargetsInParallel = 1;
				LastSwiftUpdateCheck = 1530;
				LastUpgradeCheck = 1530;
				TargetAttributes = {
					6D6D655C2BA6D8CA002D30C2 = {
						CreatedOnToolsVersion = 15.3;
					};
					6D6D65722BA6D8CD002D30C2 = {
						CreatedOnToolsVersion = 15.3;
						TestTargetID = 6D6D655C2BA6D8CA002D30C2;
					};
					6D6D657C2BA6D8CD002D30C2 = {
						CreatedOnToolsVersion = 15.3;
						TestTargetID = 6D6D655C2BA6D8CA002D30C2;
					};
				};
			};
			buildConfigurationList = 6D6D65582BA6D8CA002D30C2 /* Build configuration list for PBXProject "Bucket List" */;
			compatibilityVersion = "Xcode 14.0";
			developmentRegion = en;
			hasScannedForEncodings = 0;
			knownRegions = (
				en,
				Base,
			);
			mainGroup = 6D6D65542BA6D8CA002D30C2;
			productRefGroup = 6D6D655E2BA6D8CA002D30C2 /* Products */;
			projectDirPath = "";
			projectRoot = "";
			targets = (
				6D6D655C2BA6D8CA002D30C2 /* Bucket List */,
				6D6D65722BA6D8CD002D30C2 /* Bucket ListTests */,
				6D6D657C2BA6D8CD002D30C2 /* Bucket ListUITests */,
			);
		};
/* End PBXProject section */

/* Begin PBXResourcesBuildPhase section */
		6D6D655B2BA6D8CA002D30C2 /* Resources */ = {
			isa = PBXResourcesBuildPhase;
			buildActionMask = 2147483647;
			files = (
				6D6D656A2BA6D8CC002D30C2 /* Assets.xcassets in Resources */,
				6D6D656D2BA6D8CC002D30C2 /* Base in Resources */,
				6D6D65682BA6D8CA002D30C2 /* Base in Resources */,
			);
			runOnlyForDeploymentPostprocessing = 0;
		};
		6D6D65712BA6D8CD002D30C2 /* Resources */ = {
			isa = PBXResourcesBuildPhase;
			buildActionMask = 2147483647;
			files = (
			);
			runOnlyForDeploymentPostprocessing = 0;
		};
		6D6D657B2BA6D8CD002D30C2 /* Resources */ = {
			isa = PBXResourcesBuildPhase;
			buildActionMask = 2147483647;
			files = (
			);
			runOnlyForDeploymentPostprocessing = 0;
		};
/* End PBXResourcesBuildPhase section */

/* Begin PBXSourcesBuildPhase section */
		6D6D65592BA6D8CA002D30C2 /* Sources */ = {
			isa = PBXSourcesBuildPhase;
			buildActionMask = 2147483647;
			files = (
				6D6D659D2BA6E406002D30C2 /* CountryViewModel.swift in Sources */,
				6D6D65A32BA6E565002D30C2 /* Country.swift in Sources */,
				6D6D65A02BA6E48A002D30C2 /* ContinentViewModel.swift in Sources */,
				6D6D65952BA6DD3E002D30C2 /* ActivityViewModel.swift in Sources */,
				6D6D65652BA6D8CA002D30C2 /* ViewController.swift in Sources */,
				6D6D65612BA6D8CA002D30C2 /* AppDelegate.swift in Sources */,
				6D6D65A62BA6E56D002D30C2 /* Continent.swift in Sources */,
				6D6D65912BA6DBF0002D30C2 /* Activity.swift in Sources */,
				6D6D65632BA6D8CA002D30C2 /* SceneDelegate.swift in Sources */,
				6D6D65992BA6E2F3002D30C2 /* ActivityView.swift in Sources */,
				6D6D65A92BA6E624002D30C2 /* CountryView.swift in Sources */,
			);
			runOnlyForDeploymentPostprocessing = 0;
		};
		6D6D656F2BA6D8CD002D30C2 /* Sources */ = {
			isa = PBXSourcesBuildPhase;
			buildActionMask = 2147483647;
			files = (
				6D6D65A42BA6E565002D30C2 /* Country.swift in Sources */,
				6D6D65922BA6DBF1002D30C2 /* Activity.swift in Sources */,
				6D6D659A2BA6E2F3002D30C2 /* ActivityView.swift in Sources */,
				6D6D65AA2BA6E624002D30C2 /* CountryView.swift in Sources */,
				6D6D65782BA6D8CD002D30C2 /* Bucket_ListTests.swift in Sources */,
				6D6D65A72BA6E56D002D30C2 /* Continent.swift in Sources */,
				6D6D659E2BA6E406002D30C2 /* CountryViewModel.swift in Sources */,
				6D6D65962BA6DD3E002D30C2 /* ActivityViewModel.swift in Sources */,
				6D6D65A12BA6E48A002D30C2 /* ContinentViewModel.swift in Sources */,
			);
			runOnlyForDeploymentPostprocessing = 0;
		};
		6D6D65792BA6D8CD002D30C2 /* Sources */ = {
			isa = PBXSourcesBuildPhase;
			buildActionMask = 2147483647;
			files = (
				6D6D65842BA6D8CD002D30C2 /* Bucket_ListUITestsLaunchTests.swift in Sources */,
				6D6D65822BA6D8CD002D30C2 /* Bucket_ListUITests.swift in Sources */,
			);
			runOnlyForDeploymentPostprocessing = 0;
		};
/* End PBXSourcesBuildPhase section */

/* Begin PBXTargetDependency section */
		6D6D65752BA6D8CD002D30C2 /* PBXTargetDependency */ = {
			isa = PBXTargetDependency;
			target = 6D6D655C2BA6D8CA002D30C2 /* Bucket List */;
			targetProxy = 6D6D65742BA6D8CD002D30C2 /* PBXContainerItemProxy */;
		};
		6D6D657F2BA6D8CD002D30C2 /* PBXTargetDependency */ = {
			isa = PBXTargetDependency;
			target = 6D6D655C2BA6D8CA002D30C2 /* Bucket List */;
			targetProxy = 6D6D657E2BA6D8CD002D30C2 /* PBXContainerItemProxy */;
		};
/* End PBXTargetDependency section */

/* Begin PBXVariantGroup section */
		6D6D65662BA6D8CA002D30C2 /* Main.storyboard */ = {
			isa = PBXVariantGroup;
			children = (
				6D6D65672BA6D8CA002D30C2 /* Base */,
			);
			name = Main.storyboard;
			sourceTree = "<group>";
		};
		6D6D656B2BA6D8CC002D30C2 /* LaunchScreen.storyboard */ = {
			isa = PBXVariantGroup;
			children = (
				6D6D656C2BA6D8CC002D30C2 /* Base */,
			);
			name = LaunchScreen.storyboard;
			sourceTree = "<group>";
		};
/* End PBXVariantGroup section */

/* Begin XCBuildConfiguration section */
		6D6D65852BA6D8CD002D30C2 /* Debug */ = {
			isa = XCBuildConfiguration;
			buildSettings = {
				ALWAYS_SEARCH_USER_PATHS = NO;
				ASSETCATALOG_COMPILER_GENERATE_SWIFT_ASSET_SYMBOL_EXTENSIONS = YES;
				CLANG_ANALYZER_NONNULL = YES;
				CLANG_ANALYZER_NUMBER_OBJECT_CONVERSION = YES_AGGRESSIVE;
				CLANG_CXX_LANGUAGE_STANDARD = "gnu++20";
				CLANG_ENABLE_MODULES = YES;
				CLANG_ENABLE_OBJC_ARC = YES;
				CLANG_ENABLE_OBJC_WEAK = YES;
				CLANG_WARN_BLOCK_CAPTURE_AUTORELEASING = YES;
				CLANG_WARN_BOOL_CONVERSION = YES;
				CLANG_WARN_COMMA = YES;
				CLANG_WARN_CONSTANT_CONVERSION = YES;
				CLANG_WARN_DEPRECATED_OBJC_IMPLEMENTATIONS = YES;
				CLANG_WARN_DIRECT_OBJC_ISA_USAGE = YES_ERROR;
				CLANG_WARN_DOCUMENTATION_COMMENTS = YES;
				CLANG_WARN_EMPTY_BODY = YES;
				CLANG_WARN_ENUM_CONVERSION = YES;
				CLANG_WARN_INFINITE_RECURSION = YES;
				CLANG_WARN_INT_CONVERSION = YES;
				CLANG_WARN_NON_LITERAL_NULL_CONVERSION = YES;
				CLANG_WARN_OBJC_IMPLICIT_RETAIN_SELF = YES;
				CLANG_WARN_OBJC_LITERAL_CONVERSION = YES;
				CLANG_WARN_OBJC_ROOT_CLASS = YES_ERROR;
				CLANG_WARN_QUOTED_INCLUDE_IN_FRAMEWORK_HEADER = YES;
				CLANG_WARN_RANGE_LOOP_ANALYSIS = YES;
				CLANG_WARN_STRICT_PROTOTYPES = YES;
				CLANG_WARN_SUSPICIOUS_MOVE = YES;
				CLANG_WARN_UNGUARDED_AVAILABILITY = YES_AGGRESSIVE;
				CLANG_WARN_UNREACHABLE_CODE = YES;
				CLANG_WARN__DUPLICATE_METHOD_MATCH = YES;
				COPY_PHASE_STRIP = NO;
				DEBUG_INFORMATION_FORMAT = dwarf;
				ENABLE_STRICT_OBJC_MSGSEND = YES;
				ENABLE_TESTABILITY = YES;
				ENABLE_USER_SCRIPT_SANDBOXING = YES;
				GCC_C_LANGUAGE_STANDARD = gnu17;
				GCC_DYNAMIC_NO_PIC = NO;
				GCC_NO_COMMON_BLOCKS = YES;
				GCC_OPTIMIZATION_LEVEL = 0;
				GCC_PREPROCESSOR_DEFINITIONS = (
					"DEBUG=1",
					"$(inherited)",
				);
				GCC_WARN_64_TO_32_BIT_CONVERSION = YES;
				GCC_WARN_ABOUT_RETURN_TYPE = YES_ERROR;
				GCC_WARN_UNDECLARED_SELECTOR = YES;
				GCC_WARN_UNINITIALIZED_AUTOS = YES_AGGRESSIVE;
				GCC_WARN_UNUSED_FUNCTION = YES;
				GCC_WARN_UNUSED_VARIABLE = YES;
				IPHONEOS_DEPLOYMENT_TARGET = 17.4;
				LOCALIZATION_PREFERS_STRING_CATALOGS = YES;
				MTL_ENABLE_DEBUG_INFO = INCLUDE_SOURCE;
				MTL_FAST_MATH = YES;
				ONLY_ACTIVE_ARCH = YES;
				SDKROOT = iphoneos;
				SWIFT_ACTIVE_COMPILATION_CONDITIONS = "DEBUG $(inherited)";
				SWIFT_OPTIMIZATION_LEVEL = "-Onone";
			};
			name = Debug;
		};
		6D6D65862BA6D8CD002D30C2 /* Release */ = {
			isa = XCBuildConfiguration;
			buildSettings = {
				ALWAYS_SEARCH_USER_PATHS = NO;
				ASSETCATALOG_COMPILER_GENERATE_SWIFT_ASSET_SYMBOL_EXTENSIONS = YES;
				CLANG_ANALYZER_NONNULL = YES;
				CLANG_ANALYZER_NUMBER_OBJECT_CONVERSION = YES_AGGRESSIVE;
				CLANG_CXX_LANGUAGE_STANDARD = "gnu++20";
				CLANG_ENABLE_MODULES = YES;
				CLANG_ENABLE_OBJC_ARC = YES;
				CLANG_ENABLE_OBJC_WEAK = YES;
				CLANG_WARN_BLOCK_CAPTURE_AUTORELEASING = YES;
				CLANG_WARN_BOOL_CONVERSION = YES;
				CLANG_WARN_COMMA = YES;
				CLANG_WARN_CONSTANT_CONVERSION = YES;
				CLANG_WARN_DEPRECATED_OBJC_IMPLEMENTATIONS = YES;
				CLANG_WARN_DIRECT_OBJC_ISA_USAGE = YES_ERROR;
				CLANG_WARN_DOCUMENTATION_COMMENTS = YES;
				CLANG_WARN_EMPTY_BODY = YES;
				CLANG_WARN_ENUM_CONVERSION = YES;
				CLANG_WARN_INFINITE_RECURSION = YES;
				CLANG_WARN_INT_CONVERSION = YES;
				CLANG_WARN_NON_LITERAL_NULL_CONVERSION = YES;
				CLANG_WARN_OBJC_IMPLICIT_RETAIN_SELF = YES;
				CLANG_WARN_OBJC_LITERAL_CONVERSION = YES;
				CLANG_WARN_OBJC_ROOT_CLASS = YES_ERROR;
				CLANG_WARN_QUOTED_INCLUDE_IN_FRAMEWORK_HEADER = YES;
				CLANG_WARN_RANGE_LOOP_ANALYSIS = YES;
				CLANG_WARN_STRICT_PROTOTYPES = YES;
				CLANG_WARN_SUSPICIOUS_MOVE = YES;
				CLANG_WARN_UNGUARDED_AVAILABILITY = YES_AGGRESSIVE;
				CLANG_WARN_UNREACHABLE_CODE = YES;
				CLANG_WARN__DUPLICATE_METHOD_MATCH = YES;
				COPY_PHASE_STRIP = NO;
				DEBUG_INFORMATION_FORMAT = "dwarf-with-dsym";
				ENABLE_NS_ASSERTIONS = NO;
				ENABLE_STRICT_OBJC_MSGSEND = YES;
				ENABLE_USER_SCRIPT_SANDBOXING = YES;
				GCC_C_LANGUAGE_STANDARD = gnu17;
				GCC_NO_COMMON_BLOCKS = YES;
				GCC_WARN_64_TO_32_BIT_CONVERSION = YES;
				GCC_WARN_ABOUT_RETURN_TYPE = YES_ERROR;
				GCC_WARN_UNDECLARED_SELECTOR = YES;
				GCC_WARN_UNINITIALIZED_AUTOS = YES_AGGRESSIVE;
				GCC_WARN_UNUSED_FUNCTION = YES;
				GCC_WARN_UNUSED_VARIABLE = YES;
				IPHONEOS_DEPLOYMENT_TARGET = 17.4;
				LOCALIZATION_PREFERS_STRING_CATALOGS = YES;
				MTL_ENABLE_DEBUG_INFO = NO;
				MTL_FAST_MATH = YES;
				SDKROOT = iphoneos;
				SWIFT_COMPILATION_MODE = wholemodule;
				VALIDATE_PRODUCT = YES;
			};
			name = Release;
		};
		6D6D65882BA6D8CD002D30C2 /* Debug */ = {
			isa = XCBuildConfiguration;
			buildSettings = {
				ASSETCATALOG_COMPILER_APPICON_NAME = AppIcon;
				ASSETCATALOG_COMPILER_GLOBAL_ACCENT_COLOR_NAME = AccentColor;
				CODE_SIGN_STYLE = Automatic;
				CURRENT_PROJECT_VERSION = 1;
				DEVELOPMENT_TEAM = J3C436QQA9;
				GENERATE_INFOPLIST_FILE = YES;
				INFOPLIST_FILE = "Bucket List/Info.plist";
				INFOPLIST_KEY_UIApplicationSupportsIndirectInputEvents = YES;
				INFOPLIST_KEY_UILaunchStoryboardName = LaunchScreen;
				INFOPLIST_KEY_UIMainStoryboardFile = Main;
				INFOPLIST_KEY_UIRequiresFullScreen = YES;
				INFOPLIST_KEY_UISupportedInterfaceOrientations = UIInterfaceOrientationPortrait;
				LD_RUNPATH_SEARCH_PATHS = (
					"$(inherited)",
					"@executable_path/Frameworks",
				);
				MARKETING_VERSION = 1.0;
				PRODUCT_BUNDLE_IDENTIFIER = "karlcridland.Bucket-List";
				PRODUCT_NAME = "$(TARGET_NAME)";
				SUPPORTED_PLATFORMS = "iphoneos iphonesimulator";
				SUPPORTS_MACCATALYST = NO;
				SWIFT_EMIT_LOC_STRINGS = YES;
				SWIFT_VERSION = 5.0;
				TARGETED_DEVICE_FAMILY = 1;
			};
			name = Debug;
		};
		6D6D65892BA6D8CD002D30C2 /* Release */ = {
			isa = XCBuildConfiguration;
			buildSettings = {
				ASSETCATALOG_COMPILER_APPICON_NAME = AppIcon;
				ASSETCATALOG_COMPILER_GLOBAL_ACCENT_COLOR_NAME = AccentColor;
				CODE_SIGN_STYLE = Automatic;
				CURRENT_PROJECT_VERSION = 1;
				DEVELOPMENT_TEAM = J3C436QQA9;
				GENERATE_INFOPLIST_FILE = YES;
				INFOPLIST_FILE = "Bucket List/Info.plist";
				INFOPLIST_KEY_UIApplicationSupportsIndirectInputEvents = YES;
				INFOPLIST_KEY_UILaunchStoryboardName = LaunchScreen;
				INFOPLIST_KEY_UIMainStoryboardFile = Main;
				INFOPLIST_KEY_UIRequiresFullScreen = YES;
				INFOPLIST_KEY_UISupportedInterfaceOrientations = UIInterfaceOrientationPortrait;
				LD_RUNPATH_SEARCH_PATHS = (
					"$(inherited)",
					"@executable_path/Frameworks",
				);
				MARKETING_VERSION = 1.0;
				PRODUCT_BUNDLE_IDENTIFIER = "karlcridland.Bucket-List";
				PRODUCT_NAME = "$(TARGET_NAME)";
				SUPPORTED_PLATFORMS = "iphoneos iphonesimulator";
				SUPPORTS_MACCATALYST = NO;
				SWIFT_EMIT_LOC_STRINGS = YES;
				SWIFT_VERSION = 5.0;
				TARGETED_DEVICE_FAMILY = 1;
			};
			name = Release;
		};
		6D6D658B2BA6D8CD002D30C2 /* Debug */ = {
			isa = XCBuildConfiguration;
			buildSettings = {
				ALWAYS_EMBED_SWIFT_STANDARD_LIBRARIES = YES;
				BUNDLE_LOADER = "$(TEST_HOST)";
				CODE_SIGN_STYLE = Automatic;
				CURRENT_PROJECT_VERSION = 1;
				DEVELOPMENT_TEAM = J3C436QQA9;
				GENERATE_INFOPLIST_FILE = YES;
				IPHONEOS_DEPLOYMENT_TARGET = 17.4;
				MARKETING_VERSION = 1.0;
				PRODUCT_BUNDLE_IDENTIFIER = "karlcridland.Bucket-ListTests";
				PRODUCT_NAME = "$(TARGET_NAME)";
				SWIFT_EMIT_LOC_STRINGS = NO;
				SWIFT_VERSION = 5.0;
				TARGETED_DEVICE_FAMILY = "1,2";
				TEST_HOST = "$(BUILT_PRODUCTS_DIR)/Bucket List.app/$(BUNDLE_EXECUTABLE_FOLDER_PATH)/Bucket List";
			};
			name = Debug;
		};
		6D6D658C2BA6D8CD002D30C2 /* Release */ = {
			isa = XCBuildConfiguration;
			buildSettings = {
				ALWAYS_EMBED_SWIFT_STANDARD_LIBRARIES = YES;
				BUNDLE_LOADER = "$(TEST_HOST)";
				CODE_SIGN_STYLE = Automatic;
				CURRENT_PROJECT_VERSION = 1;
				DEVELOPMENT_TEAM = J3C436QQA9;
				GENERATE_INFOPLIST_FILE = YES;
				IPHONEOS_DEPLOYMENT_TARGET = 17.4;
				MARKETING_VERSION = 1.0;
				PRODUCT_BUNDLE_IDENTIFIER = "karlcridland.Bucket-ListTests";
				PRODUCT_NAME = "$(TARGET_NAME)";
				SWIFT_EMIT_LOC_STRINGS = NO;
				SWIFT_VERSION = 5.0;
				TARGETED_DEVICE_FAMILY = "1,2";
				TEST_HOST = "$(BUILT_PRODUCTS_DIR)/Bucket List.app/$(BUNDLE_EXECUTABLE_FOLDER_PATH)/Bucket List";
			};
			name = Release;
		};
		6D6D658E2BA6D8CD002D30C2 /* Debug */ = {
			isa = XCBuildConfiguration;
			buildSettings = {
				ALWAYS_EMBED_SWIFT_STANDARD_LIBRARIES = YES;
				CODE_SIGN_STYLE = Automatic;
				CURRENT_PROJECT_VERSION = 1;
				DEVELOPMENT_TEAM = J3C436QQA9;
				GENERATE_INFOPLIST_FILE = YES;
				MARKETING_VERSION = 1.0;
				PRODUCT_BUNDLE_IDENTIFIER = "karlcridland.Bucket-ListUITests";
				PRODUCT_NAME = "$(TARGET_NAME)";
				SWIFT_EMIT_LOC_STRINGS = NO;
				SWIFT_VERSION = 5.0;
				TARGETED_DEVICE_FAMILY = "1,2";
				TEST_TARGET_NAME = "Bucket List";
			};
			name = Debug;
		};
		6D6D658F2BA6D8CD002D30C2 /* Release */ = {
			isa = XCBuildConfiguration;
			buildSettings = {
				ALWAYS_EMBED_SWIFT_STANDARD_LIBRARIES = YES;
				CODE_SIGN_STYLE = Automatic;
				CURRENT_PROJECT_VERSION = 1;
				DEVELOPMENT_TEAM = J3C436QQA9;
				GENERATE_INFOPLIST_FILE = YES;
				MARKETING_VERSION = 1.0;
				PRODUCT_BUNDLE_IDENTIFIER = "karlcridland.Bucket-ListUITests";
				PRODUCT_NAME = "$(TARGET_NAME)";
				SWIFT_EMIT_LOC_STRINGS = NO;
				SWIFT_VERSION = 5.0;
				TARGETED_DEVICE_FAMILY = "1,2";
				TEST_TARGET_NAME = "Bucket List";
			};
			name = Release;
		};
/* End XCBuildConfiguration section */

/* Begin XCConfigurationList section */
		6D6D65582BA6D8CA002D30C2 /* Build configuration list for PBXProject "Bucket List" */ = {
			isa = XCConfigurationList;
			buildConfigurations = (
				6D6D65852BA6D8CD002D30C2 /* Debug */,
				6D6D65862BA6D8CD002D30C2 /* Release */,
			);
			defaultConfigurationIsVisible = 0;
			defaultConfigurationName = Release;
		};
		6D6D65872BA6D8CD002D30C2 /* Build configuration list for PBXNativeTarget "Bucket List" */ = {
			isa = XCConfigurationList;
			buildConfigurations = (
				6D6D65882BA6D8CD002D30C2 /* Debug */,
				6D6D65892BA6D8CD002D30C2 /* Release */,
			);
			defaultConfigurationIsVisible = 0;
			defaultConfigurationName = Release;
		};
		6D6D658A2BA6D8CD002D30C2 /* Build configuration list for PBXNativeTarget "Bucket ListTests" */ = {
			isa = XCConfigurationList;
			buildConfigurations = (
				6D6D658B2BA6D8CD002D30C2 /* Debug */,
				6D6D658C2BA6D8CD002D30C2 /* Release */,
			);
			defaultConfigurationIsVisible = 0;
			defaultConfigurationName = Release;
		};
		6D6D658D2BA6D8CD002D30C2 /* Build configuration list for PBXNativeTarget "Bucket ListUITests" */ = {
			isa = XCConfigurationList;
			buildConfigurations = (
				6D6D658E2BA6D8CD002D30C2 /* Debug */,
				6D6D658F2BA6D8CD002D30C2 /* Release */,
			);
			defaultConfigurationIsVisible = 0;
			defaultConfigurationName = Release;
		};
/* End XCConfigurationList section */
	};
	rootObject = 6D6D65552BA6D8CA002D30C2 /* Project object */;
}
